// !$*UTF8*$!
{
	archiveVersion = 1;
	classes = {
	};
	objectVersion = 55;
	objects = {

/* Begin PBXBuildFile section */
		B5B2F9CE271D7C520056FDEA /* MediaItemRow.swift in Sources */ = {isa = PBXBuildFile; fileRef = B5B2F9CD271D7C520056FDEA /* MediaItemRow.swift */; };
		B5B2F9D0271D81420056FDEA /* MediaItemDetails.swift in Sources */ = {isa = PBXBuildFile; fileRef = B5B2F9CF271D81420056FDEA /* MediaItemDetails.swift */; };
		B5B2F9D2271D822B0056FDEA /* MediaItemThumbnail.swift in Sources */ = {isa = PBXBuildFile; fileRef = B5B2F9D1271D822B0056FDEA /* MediaItemThumbnail.swift */; };
		B5EE6645271839FD0035BC47 /* MediaLibraryTestingApp.swift in Sources */ = {isa = PBXBuildFile; fileRef = B5EE6644271839FD0035BC47 /* MediaLibraryTestingApp.swift */; };
		B5EE6647271839FD0035BC47 /* ContentView.swift in Sources */ = {isa = PBXBuildFile; fileRef = B5EE6646271839FD0035BC47 /* ContentView.swift */; };
		B5EE6649271839FE0035BC47 /* Assets.xcassets in Resources */ = {isa = PBXBuildFile; fileRef = B5EE6648271839FE0035BC47 /* Assets.xcassets */; };
		B5EE664C271839FE0035BC47 /* Preview Assets.xcassets in Resources */ = {isa = PBXBuildFile; fileRef = B5EE664B271839FE0035BC47 /* Preview Assets.xcassets */; };
		B5EE665327183A0E0035BC47 /* MediaLibrary.swift in Sources */ = {isa = PBXBuildFile; fileRef = B5EE665227183A0E0035BC47 /* MediaLibrary.swift */; };
		B5EE6656271840530035BC47 /* Suite in Frameworks */ = {isa = PBXBuildFile; productRef = B5EE6655271840530035BC47 /* Suite */; };
/* End PBXBuildFile section */

/* Begin PBXFileReference section */
		B5B2F9CD271D7C520056FDEA /* MediaItemRow.swift */ = {isa = PBXFileReference; lastKnownFileType = sourcecode.swift; path = MediaItemRow.swift; sourceTree = "<group>"; };
		B5B2F9CF271D81420056FDEA /* MediaItemDetails.swift */ = {isa = PBXFileReference; lastKnownFileType = sourcecode.swift; path = MediaItemDetails.swift; sourceTree = "<group>"; };
		B5B2F9D1271D822B0056FDEA /* MediaItemThumbnail.swift */ = {isa = PBXFileReference; lastKnownFileType = sourcecode.swift; path = MediaItemThumbnail.swift; sourceTree = "<group>"; };
		B5EE6641271839FD0035BC47 /* MediaLibraryTesting.app */ = {isa = PBXFileReference; explicitFileType = wrapper.application; includeInIndex = 0; path = MediaLibraryTesting.app; sourceTree = BUILT_PRODUCTS_DIR; };
		B5EE6644271839FD0035BC47 /* MediaLibraryTestingApp.swift */ = {isa = PBXFileReference; lastKnownFileType = sourcecode.swift; path = MediaLibraryTestingApp.swift; sourceTree = "<group>"; };
		B5EE6646271839FD0035BC47 /* ContentView.swift */ = {isa = PBXFileReference; lastKnownFileType = sourcecode.swift; path = ContentView.swift; sourceTree = "<group>"; };
		B5EE6648271839FE0035BC47 /* Assets.xcassets */ = {isa = PBXFileReference; lastKnownFileType = folder.assetcatalog; path = Assets.xcassets; sourceTree = "<group>"; };
		B5EE664B271839FE0035BC47 /* Preview Assets.xcassets */ = {isa = PBXFileReference; lastKnownFileType = folder.assetcatalog; path = "Preview Assets.xcassets"; sourceTree = "<group>"; };
		B5EE665227183A0E0035BC47 /* MediaLibrary.swift */ = {isa = PBXFileReference; lastKnownFileType = sourcecode.swift; path = MediaLibrary.swift; sourceTree = "<group>"; };
/* End PBXFileReference section */

/* Begin PBXFrameworksBuildPhase section */
		B5EE663E271839FD0035BC47 /* Frameworks */ = {
			isa = PBXFrameworksBuildPhase;
			buildActionMask = 2147483647;
			files = (
				B5EE6656271840530035BC47 /* Suite in Frameworks */,
			);
			runOnlyForDeploymentPostprocessing = 0;
		};
/* End PBXFrameworksBuildPhase section */

/* Begin PBXGroup section */
		B5EE6638271839FD0035BC47 = {
			isa = PBXGroup;
			children = (
				B5EE6643271839FD0035BC47 /* MediaLibraryTesting */,
				B5EE6642271839FD0035BC47 /* Products */,
			);
			sourceTree = "<group>";
		};
		B5EE6642271839FD0035BC47 /* Products */ = {
			isa = PBXGroup;
			children = (
				B5EE6641271839FD0035BC47 /* MediaLibraryTesting.app */,
			);
			name = Products;
			sourceTree = "<group>";
		};
		B5EE6643271839FD0035BC47 /* MediaLibraryTesting */ = {
			isa = PBXGroup;
			children = (
				B5EE6644271839FD0035BC47 /* MediaLibraryTestingApp.swift */,
				B5EE6646271839FD0035BC47 /* ContentView.swift */,
				B5B2F9CD271D7C520056FDEA /* MediaItemRow.swift */,
				B5B2F9D1271D822B0056FDEA /* MediaItemThumbnail.swift */,
				B5B2F9CF271D81420056FDEA /* MediaItemDetails.swift */,
				B5EE665227183A0E0035BC47 /* MediaLibrary.swift */,
				B5EE6648271839FE0035BC47 /* Assets.xcassets */,
				B5EE664A271839FE0035BC47 /* Preview Content */,
			);
			path = MediaLibraryTesting;
			sourceTree = "<group>";
		};
		B5EE664A271839FE0035BC47 /* Preview Content */ = {
			isa = PBXGroup;
			children = (
				B5EE664B271839FE0035BC47 /* Preview Assets.xcassets */,
			);
			path = "Preview Content";
			sourceTree = "<group>";
		};
/* End PBXGroup section */

/* Begin PBXNativeTarget section */
		B5EE6640271839FD0035BC47 /* MediaLibraryTesting */ = {
			isa = PBXNativeTarget;
			buildConfigurationList = B5EE664F271839FE0035BC47 /* Build configuration list for PBXNativeTarget "MediaLibraryTesting" */;
			buildPhases = (
				B5EE663D271839FD0035BC47 /* Sources */,
				B5EE663E271839FD0035BC47 /* Frameworks */,
				B5EE663F271839FD0035BC47 /* Resources */,
			);
			buildRules = (
			);
			dependencies = (
			);
			name = MediaLibraryTesting;
			packageProductDependencies = (
				B5EE6655271840530035BC47 /* Suite */,
			);
			productName = MediaLibraryTesting;
			productReference = B5EE6641271839FD0035BC47 /* MediaLibraryTesting.app */;
			productType = "com.apple.product-type.application";
		};
/* End PBXNativeTarget section */

/* Begin PBXProject section */
		B5EE6639271839FD0035BC47 /* Project object */ = {
			isa = PBXProject;
			attributes = {
				BuildIndependentTargetsInParallel = 1;
				LastSwiftUpdateCheck = 1300;
				LastUpgradeCheck = 1300;
				TargetAttributes = {
					B5EE6640271839FD0035BC47 = {
						CreatedOnToolsVersion = 13.0;
					};
				};
			};
			buildConfigurationList = B5EE663C271839FD0035BC47 /* Build configuration list for PBXProject "MediaLibraryTesting" */;
			compatibilityVersion = "Xcode 13.0";
			developmentRegion = en;
			hasScannedForEncodings = 0;
			knownRegions = (
				en,
				Base,
			);
			mainGroup = B5EE6638271839FD0035BC47;
			packageReferences = (
				B5EE6654271840530035BC47 /* XCRemoteSwiftPackageReference "suite" */,
			);
			productRefGroup = B5EE6642271839FD0035BC47 /* Products */;
			projectDirPath = "";
			projectRoot = "";
			targets = (
				B5EE6640271839FD0035BC47 /* MediaLibraryTesting */,
			);
		};
/* End PBXProject section */

/* Begin PBXResourcesBuildPhase section */
		B5EE663F271839FD0035BC47 /* Resources */ = {
			isa = PBXResourcesBuildPhase;
			buildActionMask = 2147483647;
			files = (
				B5EE664C271839FE0035BC47 /* Preview Assets.xcassets in Resources */,
				B5EE6649271839FE0035BC47 /* Assets.xcassets in Resources */,
			);
			runOnlyForDeploymentPostprocessing = 0;
		};
/* End PBXResourcesBuildPhase section */

/* Begin PBXSourcesBuildPhase section */
		B5EE663D271839FD0035BC47 /* Sources */ = {
			isa = PBXSourcesBuildPhase;
			buildActionMask = 2147483647;
			files = (
				B5B2F9D2271D822B0056FDEA /* MediaItemThumbnail.swift in Sources */,
				B5B2F9CE271D7C520056FDEA /* MediaItemRow.swift in Sources */,
				B5EE6647271839FD0035BC47 /* ContentView.swift in Sources */,
				B5B2F9D0271D81420056FDEA /* MediaItemDetails.swift in Sources */,
				B5EE6645271839FD0035BC47 /* MediaLibraryTestingApp.swift in Sources */,
				B5EE665327183A0E0035BC47 /* MediaLibrary.swift in Sources */,
			);
			runOnlyForDeploymentPostprocessing = 0;
		};
/* End PBXSourcesBuildPhase section */

/* Begin XCBuildConfiguration section */
		B5EE664D271839FE0035BC47 /* Debug */ = {
			isa = XCBuildConfiguration;
			buildSettings = {
				ALWAYS_SEARCH_USER_PATHS = NO;
				CLANG_ANALYZER_NONNULL = YES;
				CLANG_ANALYZER_NUMBER_OBJECT_CONVERSION = YES_AGGRESSIVE;
				CLANG_CXX_LANGUAGE_STANDARD = "gnu++17";
				CLANG_CXX_LIBRARY = "libc++";
				CLANG_ENABLE_MODULES = YES;
				CLANG_ENABLE_OBJC_ARC = YES;
				CLANG_ENABLE_OBJC_WEAK = YES;
				CLANG_WARN_BLOCK_CAPTURE_AUTORELEASING = YES;
				CLANG_WARN_BOOL_CONVERSION = YES;
				CLANG_WARN_COMMA = YES;
				CLANG_WARN_CONSTANT_CONVERSION = YES;
				CLANG_WARN_DEPRECATED_OBJC_IMPLEMENTATIONS = YES;
				CLANG_WARN_DIRECT_OBJC_ISA_USAGE = YES_ERROR;
				CLANG_WARN_DOCUMENTATION_COMMENTS = YES;
				CLANG_WARN_EMPTY_BODY = YES;
				CLANG_WARN_ENUM_CONVERSION = YES;
				CLANG_WARN_INFINITE_RECURSION = YES;
				CLANG_WARN_INT_CONVERSION = YES;
				CLANG_WARN_NON_LITERAL_NULL_CONVERSION = YES;
				CLANG_WARN_OBJC_IMPLICIT_RETAIN_SELF = YES;
				CLANG_WARN_OBJC_LITERAL_CONVERSION = YES;
				CLANG_WARN_OBJC_ROOT_CLASS = YES_ERROR;
				CLANG_WARN_QUOTED_INCLUDE_IN_FRAMEWORK_HEADER = YES;
				CLANG_WARN_RANGE_LOOP_ANALYSIS = YES;
				CLANG_WARN_STRICT_PROTOTYPES = YES;
				CLANG_WARN_SUSPICIOUS_MOVE = YES;
				CLANG_WARN_UNGUARDED_AVAILABILITY = YES_AGGRESSIVE;
				CLANG_WARN_UNREACHABLE_CODE = YES;
				CLANG_WARN__DUPLICATE_METHOD_MATCH = YES;
				COPY_PHASE_STRIP = NO;
				DEBUG_INFORMATION_FORMAT = dwarf;
				ENABLE_STRICT_OBJC_MSGSEND = YES;
				ENABLE_TESTABILITY = YES;
				GCC_C_LANGUAGE_STANDARD = gnu11;
				GCC_DYNAMIC_NO_PIC = NO;
				GCC_NO_COMMON_BLOCKS = YES;
				GCC_OPTIMIZATION_LEVEL = 0;
				GCC_PREPROCESSOR_DEFINITIONS = (
					"DEBUG=1",
					"$(inherited)",
				);
				GCC_WARN_64_TO_32_BIT_CONVERSION = YES;
				GCC_WARN_ABOUT_RETURN_TYPE = YES_ERROR;
				GCC_WARN_UNDECLARED_SELECTOR = YES;
				GCC_WARN_UNINITIALIZED_AUTOS = YES_AGGRESSIVE;
				GCC_WARN_UNUSED_FUNCTION = YES;
				GCC_WARN_UNUSED_VARIABLE = YES;
				IPHONEOS_DEPLOYMENT_TARGET = 15.0;
				MTL_ENABLE_DEBUG_INFO = INCLUDE_SOURCE;
				MTL_FAST_MATH = YES;
				ONLY_ACTIVE_ARCH = YES;
				SDKROOT = iphoneos;
				SWIFT_ACTIVE_COMPILATION_CONDITIONS = DEBUG;
				SWIFT_OPTIMIZATION_LEVEL = "-Onone";
			};
			name = Debug;
		};
		B5EE664E271839FE0035BC47 /* Release */ = {
			isa = XCBuildConfiguration;
			buildSettings = {
				ALWAYS_SEARCH_USER_PATHS = NO;
				CLANG_ANALYZER_NONNULL = YES;
				CLANG_ANALYZER_NUMBER_OBJECT_CONVERSION = YES_AGGRESSIVE;
				CLANG_CXX_LANGUAGE_STANDARD = "gnu++17";
				CLANG_CXX_LIBRARY = "libc++";
				CLANG_ENABLE_MODULES = YES;
				CLANG_ENABLE_OBJC_ARC = YES;
				CLANG_ENABLE_OBJC_WEAK = YES;
				CLANG_WARN_BLOCK_CAPTURE_AUTORELEASING = YES;
				CLANG_WARN_BOOL_CONVERSION = YES;
				CLANG_WARN_COMMA = YES;
				CLANG_WARN_CONSTANT_CONVERSION = YES;
				CLANG_WARN_DEPRECATED_OBJC_IMPLEMENTATIONS = YES;
				CLANG_WARN_DIRECT_OBJC_ISA_USAGE = YES_ERROR;
				CLANG_WARN_DOCUMENTATION_COMMENTS = YES;
				CLANG_WARN_EMPTY_BODY = YES;
				CLANG_WARN_ENUM_CONVERSION = YES;
				CLANG_WARN_INFINITE_RECURSION = YES;
				CLANG_WARN_INT_CONVERSION = YES;
				CLANG_WARN_NON_LITERAL_NULL_CONVERSION = YES;
				CLANG_WARN_OBJC_IMPLICIT_RETAIN_SELF = YES;
				CLANG_WARN_OBJC_LITERAL_CONVERSION = YES;
				CLANG_WARN_OBJC_ROOT_CLASS = YES_ERROR;
				CLANG_WARN_QUOTED_INCLUDE_IN_FRAMEWORK_HEADER = YES;
				CLANG_WARN_RANGE_LOOP_ANALYSIS = YES;
				CLANG_WARN_STRICT_PROTOTYPES = YES;
				CLANG_WARN_SUSPICIOUS_MOVE = YES;
				CLANG_WARN_UNGUARDED_AVAILABILITY = YES_AGGRESSIVE;
				CLANG_WARN_UNREACHABLE_CODE = YES;
				CLANG_WARN__DUPLICATE_METHOD_MATCH = YES;
				COPY_PHASE_STRIP = NO;
				DEBUG_INFORMATION_FORMAT = "dwarf-with-dsym";
				ENABLE_NS_ASSERTIONS = NO;
				ENABLE_STRICT_OBJC_MSGSEND = YES;
				GCC_C_LANGUAGE_STANDARD = gnu11;
				GCC_NO_COMMON_BLOCKS = YES;
				GCC_WARN_64_TO_32_BIT_CONVERSION = YES;
				GCC_WARN_ABOUT_RETURN_TYPE = YES_ERROR;
				GCC_WARN_UNDECLARED_SELECTOR = YES;
				GCC_WARN_UNINITIALIZED_AUTOS = YES_AGGRESSIVE;
				GCC_WARN_UNUSED_FUNCTION = YES;
				GCC_WARN_UNUSED_VARIABLE = YES;
				IPHONEOS_DEPLOYMENT_TARGET = 15.0;
				MTL_ENABLE_DEBUG_INFO = NO;
				MTL_FAST_MATH = YES;
				SDKROOT = iphoneos;
				SWIFT_COMPILATION_MODE = wholemodule;
				SWIFT_OPTIMIZATION_LEVEL = "-O";
				VALIDATE_PRODUCT = YES;
			};
			name = Release;
		};
		B5EE6650271839FE0035BC47 /* Debug */ = {
			isa = XCBuildConfiguration;
			buildSettings = {
				ASSETCATALOG_COMPILER_APPICON_NAME = AppIcon;
				ASSETCATALOG_COMPILER_GLOBAL_ACCENT_COLOR_NAME = AccentColor;
				CODE_SIGN_STYLE = Automatic;
				CURRENT_PROJECT_VERSION = 1;
				DEVELOPMENT_ASSET_PATHS = "\"MediaLibraryTesting/Preview Content\"";
				DEVELOPMENT_TEAM = YY6CWUX533;
				ENABLE_PREVIEWS = YES;
				GENERATE_INFOPLIST_FILE = YES;
				INFOPLIST_KEY_NSAppleMusicUsageDescription = "Import music tracks";
				INFOPLIST_KEY_UIApplicationSceneManifest_Generation = YES;
				INFOPLIST_KEY_UIApplicationSupportsIndirectInputEvents = YES;
				INFOPLIST_KEY_UILaunchScreen_Generation = YES;
				INFOPLIST_KEY_UISupportedInterfaceOrientations_iPad = "UIInterfaceOrientationPortrait UIInterfaceOrientationPortraitUpsideDown UIInterfaceOrientationLandscapeLeft UIInterfaceOrientationLandscapeRight";
				INFOPLIST_KEY_UISupportedInterfaceOrientations_iPhone = "UIInterfaceOrientationPortrait UIInterfaceOrientationLandscapeLeft UIInterfaceOrientationLandscapeRight";
				IPHONEOS_DEPLOYMENT_TARGET = 15.0;
				LD_RUNPATH_SEARCH_PATHS = (
					"$(inherited)",
					"@executable_path/Frameworks",
				);
				MARKETING_VERSION = 1.0;
				PRODUCT_BUNDLE_IDENTIFIER = com.standalone.MediaLibraryTesting;
				PRODUCT_NAME = "$(TARGET_NAME)";
				SWIFT_EMIT_LOC_STRINGS = YES;
				SWIFT_VERSION = 5.0;
				TARGETED_DEVICE_FAMILY = "1,2";
			};
			name = Debug;
		};
		B5EE6651271839FE0035BC47 /* Release */ = {
			isa = XCBuildConfiguration;
			buildSettings = {
				ASSETCATALOG_COMPILER_APPICON_NAME = AppIcon;
				ASSETCATALOG_COMPILER_GLOBAL_ACCENT_COLOR_NAME = AccentColor;
				CODE_SIGN_STYLE = Automatic;
				CURRENT_PROJECT_VERSION = 1;
				DEVELOPMENT_ASSET_PATHS = "\"MediaLibraryTesting/Preview Content\"";
				DEVELOPMENT_TEAM = YY6CWUX533;
				ENABLE_PREVIEWS = YES;
				GENERATE_INFOPLIST_FILE = YES;
				INFOPLIST_KEY_NSAppleMusicUsageDescription = "Import music tracks";
				INFOPLIST_KEY_UIApplicationSceneManifest_Generation = YES;
				INFOPLIST_KEY_UIApplicationSupportsIndirectInputEvents = YES;
				INFOPLIST_KEY_UILaunchScreen_Generation = YES;
				INFOPLIST_KEY_UISupportedInterfaceOrientations_iPad = "UIInterfaceOrientationPortrait UIInterfaceOrientationPortraitUpsideDown UIInterfaceOrientationLandscapeLeft UIInterfaceOrientationLandscapeRight";
				INFOPLIST_KEY_UISupportedInterfaceOrientations_iPhone = "UIInterfaceOrientationPortrait UIInterfaceOrientationLandscapeLeft UIInterfaceOrientationLandscapeRight";
				IPHONEOS_DEPLOYMENT_TARGET = 15.0;
				LD_RUNPATH_SEARCH_PATHS = (
					"$(inherited)",
					"@executable_path/Frameworks",
				);
				MARKETING_VERSION = 1.0;
				PRODUCT_BUNDLE_IDENTIFIER = com.standalone.MediaLibraryTesting;
				PRODUCT_NAME = "$(TARGET_NAME)";
				SWIFT_EMIT_LOC_STRINGS = YES;
				SWIFT_VERSION = 5.0;
				TARGETED_DEVICE_FAMILY = "1,2";
			};
			name = Release;
		};
/* End XCBuildConfiguration section */

/* Begin XCConfigurationList section */
		B5EE663C271839FD0035BC47 /* Build configuration list for PBXProject "MediaLibraryTesting" */ = {
			isa = XCConfigurationList;
			buildConfigurations = (
				B5EE664D271839FE0035BC47 /* Debug */,
				B5EE664E271839FE0035BC47 /* Release */,
			);
			defaultConfigurationIsVisible = 0;
			defaultConfigurationName = Release;
		};
		B5EE664F271839FE0035BC47 /* Build configuration list for PBXNativeTarget "MediaLibraryTesting" */ = {
			isa = XCConfigurationList;
			buildConfigurations = (
				B5EE6650271839FE0035BC47 /* Debug */,
				B5EE6651271839FE0035BC47 /* Release */,
			);
			defaultConfigurationIsVisible = 0;
			defaultConfigurationName = Release;
		};
/* End XCConfigurationList section */

/* Begin XCRemoteSwiftPackageReference section */
		B5EE6654271840530035BC47 /* XCRemoteSwiftPackageReference "suite" */ = {
			isa = XCRemoteSwiftPackageReference;
			repositoryURL = "https://github.com/bengottlieb/suite";
			requirement = {
				branch = master;
				kind = branch;
			};
		};
/* End XCRemoteSwiftPackageReference section */

/* Begin XCSwiftPackageProductDependency section */
		B5EE6655271840530035BC47 /* Suite */ = {
			isa = XCSwiftPackageProductDependency;
			package = B5EE6654271840530035BC47 /* XCRemoteSwiftPackageReference "suite" */;
			productName = Suite;
		};
/* End XCSwiftPackageProductDependency section */
	};
	rootObject = B5EE6639271839FD0035BC47 /* Project object */;
}
