{
  "object": {
    "pins": [
      {
        "package": "Suite",
        "repositoryURL": "https://github.com/bengottlieb/suite",
        "state": {
          "branch": "master",
          "revision": "ab3b77982df8d669eb4551167edd27b35b3ec796",
          "version": null
        }
      }
    ]
  },
  "version": 1
}
